// !$*UTF8*$!
{
	archiveVersion = 1;
	classes = {
	};
	objectVersion = 50;
	objects = {

/* Begin PBXBuildFile section */
		8F45B64FDAEF2EF7C977D2D5 /* Pods_3stepsDiary.framework in Frameworks */ = {isa = PBXBuildFile; fileRef = 63820BB30563933ED1D94405 /* Pods_3stepsDiary.framework */; };
		CB39CA1B25D0C16E00058373 /* AppDelegate.swift in Sources */ = {isa = PBXBuildFile; fileRef = CB39CA1A25D0C16E00058373 /* AppDelegate.swift */; };
		CB39CA1D25D0C16E00058373 /* SceneDelegate.swift in Sources */ = {isa = PBXBuildFile; fileRef = CB39CA1C25D0C16E00058373 /* SceneDelegate.swift */; };
		CB39CA1F25D0C16E00058373 /* ViewController.swift in Sources */ = {isa = PBXBuildFile; fileRef = CB39CA1E25D0C16E00058373 /* ViewController.swift */; };
		CB39CA2225D0C16E00058373 /* Main.storyboard in Resources */ = {isa = PBXBuildFile; fileRef = CB39CA2025D0C16E00058373 /* Main.storyboard */; };
		CB39CA2425D0C16F00058373 /* Assets.xcassets in Resources */ = {isa = PBXBuildFile; fileRef = CB39CA2325D0C16F00058373 /* Assets.xcassets */; };
		CB39CA2725D0C16F00058373 /* LaunchScreen.storyboard in Resources */ = {isa = PBXBuildFile; fileRef = CB39CA2525D0C16F00058373 /* LaunchScreen.storyboard */; };
/* End PBXBuildFile section */

/* Begin PBXFileReference section */
		63820BB30563933ED1D94405 /* Pods_3stepsDiary.framework */ = {isa = PBXFileReference; explicitFileType = wrapper.framework; includeInIndex = 0; path = Pods_3stepsDiary.framework; sourceTree = BUILT_PRODUCTS_DIR; };
		7927FFBAD9E9308108B2BD52 /* Pods-3stepsDiary.release.xcconfig */ = {isa = PBXFileReference; includeInIndex = 1; lastKnownFileType = text.xcconfig; name = "Pods-3stepsDiary.release.xcconfig"; path = "Target Support Files/Pods-3stepsDiary/Pods-3stepsDiary.release.xcconfig"; sourceTree = "<group>"; };
		98735AA9B29F7349EC173FE3 /* Pods-3stepsDiary.debug.xcconfig */ = {isa = PBXFileReference; includeInIndex = 1; lastKnownFileType = text.xcconfig; name = "Pods-3stepsDiary.debug.xcconfig"; path = "Target Support Files/Pods-3stepsDiary/Pods-3stepsDiary.debug.xcconfig"; sourceTree = "<group>"; };
		CB39CA1725D0C16E00058373 /* 3stepsDiary.app */ = {isa = PBXFileReference; explicitFileType = wrapper.application; includeInIndex = 0; path = 3stepsDiary.app; sourceTree = BUILT_PRODUCTS_DIR; };
		CB39CA1A25D0C16E00058373 /* AppDelegate.swift */ = {isa = PBXFileReference; lastKnownFileType = sourcecode.swift; path = AppDelegate.swift; sourceTree = "<group>"; };
		CB39CA1C25D0C16E00058373 /* SceneDelegate.swift */ = {isa = PBXFileReference; lastKnownFileType = sourcecode.swift; path = SceneDelegate.swift; sourceTree = "<group>"; };
		CB39CA1E25D0C16E00058373 /* ViewController.swift */ = {isa = PBXFileReference; lastKnownFileType = sourcecode.swift; path = ViewController.swift; sourceTree = "<group>"; };
		CB39CA2125D0C16E00058373 /* Base */ = {isa = PBXFileReference; lastKnownFileType = file.storyboard; name = Base; path = Base.lproj/Main.storyboard; sourceTree = "<group>"; };
		CB39CA2325D0C16F00058373 /* Assets.xcassets */ = {isa = PBXFileReference; lastKnownFileType = folder.assetcatalog; path = Assets.xcassets; sourceTree = "<group>"; };
		CB39CA2625D0C16F00058373 /* Base */ = {isa = PBXFileReference; lastKnownFileType = file.storyboard; name = Base; path = Base.lproj/LaunchScreen.storyboard; sourceTree = "<group>"; };
		CB39CA2825D0C16F00058373 /* Info.plist */ = {isa = PBXFileReference; lastKnownFileType = text.plist.xml; path = Info.plist; sourceTree = "<group>"; };
/* End PBXFileReference section */

/* Begin PBXFrameworksBuildPhase section */
		CB39CA1425D0C16E00058373 /* Frameworks */ = {
			isa = PBXFrameworksBuildPhase;
			buildActionMask = 2147483647;
			files = (
				8F45B64FDAEF2EF7C977D2D5 /* Pods_3stepsDiary.framework in Frameworks */,
			);
			runOnlyForDeploymentPostprocessing = 0;
		};
/* End PBXFrameworksBuildPhase section */

/* Begin PBXGroup section */
		151D29901B9656AEBF164CE0 /* Pods */ = {
			isa = PBXGroup;
			children = (
				98735AA9B29F7349EC173FE3 /* Pods-3stepsDiary.debug.xcconfig */,
				7927FFBAD9E9308108B2BD52 /* Pods-3stepsDiary.release.xcconfig */,
			);
			name = Pods;
			path = Pods;
			sourceTree = "<group>";
		};
		547FFCDB02B67296F3FE9978 /* Frameworks */ = {
			isa = PBXGroup;
			children = (
				63820BB30563933ED1D94405 /* Pods_3stepsDiary.framework */,
			);
			name = Frameworks;
			sourceTree = "<group>";
		};
		CB39CA0E25D0C16E00058373 = {
			isa = PBXGroup;
			children = (
				CB39CA1925D0C16E00058373 /* 3stepsDiary */,
				CB39CA1825D0C16E00058373 /* Products */,
				151D29901B9656AEBF164CE0 /* Pods */,
				547FFCDB02B67296F3FE9978 /* Frameworks */,
			);
			sourceTree = "<group>";
		};
		CB39CA1825D0C16E00058373 /* Products */ = {
			isa = PBXGroup;
			children = (
				CB39CA1725D0C16E00058373 /* 3stepsDiary.app */,
			);
			name = Products;
			sourceTree = "<group>";
		};
		CB39CA1925D0C16E00058373 /* 3stepsDiary */ = {
			isa = PBXGroup;
			children = (
				CB39CA1A25D0C16E00058373 /* AppDelegate.swift */,
				CB39CA1C25D0C16E00058373 /* SceneDelegate.swift */,
				CB39CA1E25D0C16E00058373 /* ViewController.swift */,
				CB39CA2025D0C16E00058373 /* Main.storyboard */,
				CB39CA2325D0C16F00058373 /* Assets.xcassets */,
				CB39CA2525D0C16F00058373 /* LaunchScreen.storyboard */,
				CB39CA2825D0C16F00058373 /* Info.plist */,
			);
			path = 3stepsDiary;
			sourceTree = "<group>";
		};
/* End PBXGroup section */

/* Begin PBXNativeTarget section */
		CB39CA1625D0C16E00058373 /* 3stepsDiary */ = {
			isa = PBXNativeTarget;
			buildConfigurationList = CB39CA2B25D0C16F00058373 /* Build configuration list for PBXNativeTarget "3stepsDiary" */;
			buildPhases = (
				A45B454B6E4734A297E81B21 /* [CP] Check Pods Manifest.lock */,
				CB39CA1325D0C16E00058373 /* Sources */,
				CB39CA1425D0C16E00058373 /* Frameworks */,
				CB39CA1525D0C16E00058373 /* Resources */,
				84178443B5F7AD9A170DBA4B /* [CP] Embed Pods Frameworks */,
			);
			buildRules = (
			);
			dependencies = (
			);
			name = 3stepsDiary;
			productName = 3stepsDiary;
			productReference = CB39CA1725D0C16E00058373 /* 3stepsDiary.app */;
			productType = "com.apple.product-type.application";
		};
/* End PBXNativeTarget section */

/* Begin PBXProject section */
		CB39CA0F25D0C16E00058373 /* Project object */ = {
			isa = PBXProject;
			attributes = {
				LastSwiftUpdateCheck = 1240;
				LastUpgradeCheck = 1240;
				TargetAttributes = {
					CB39CA1625D0C16E00058373 = {
						CreatedOnToolsVersion = 12.4;
					};
				};
			};
			buildConfigurationList = CB39CA1225D0C16E00058373 /* Build configuration list for PBXProject "3stepsDiary" */;
			compatibilityVersion = "Xcode 9.3";
			developmentRegion = en;
			hasScannedForEncodings = 0;
			knownRegions = (
				en,
				Base,
			);
			mainGroup = CB39CA0E25D0C16E00058373;
			productRefGroup = CB39CA1825D0C16E00058373 /* Products */;
			projectDirPath = "";
			projectRoot = "";
			targets = (
				CB39CA1625D0C16E00058373 /* 3stepsDiary */,
			);
		};
/* End PBXProject section */

/* Begin PBXResourcesBuildPhase section */
		CB39CA1525D0C16E00058373 /* Resources */ = {
			isa = PBXResourcesBuildPhase;
			buildActionMask = 2147483647;
			files = (
				CB39CA2725D0C16F00058373 /* LaunchScreen.storyboard in Resources */,
				CB39CA2425D0C16F00058373 /* Assets.xcassets in Resources */,
				CB39CA2225D0C16E00058373 /* Main.storyboard in Resources */,
			);
			runOnlyForDeploymentPostprocessing = 0;
		};
/* End PBXResourcesBuildPhase section */

/* Begin PBXShellScriptBuildPhase section */
		84178443B5F7AD9A170DBA4B /* [CP] Embed Pods Frameworks */ = {
			isa = PBXShellScriptBuildPhase;
			buildActionMask = 2147483647;
			files = (
			);
			inputFileListPaths = (
				"${PODS_ROOT}/Target Support Files/Pods-3stepsDiary/Pods-3stepsDiary-frameworks-${CONFIGURATION}-input-files.xcfilelist",
			);
			name = "[CP] Embed Pods Frameworks";
			outputFileListPaths = (
				"${PODS_ROOT}/Target Support Files/Pods-3stepsDiary/Pods-3stepsDiary-frameworks-${CONFIGURATION}-output-files.xcfilelist",
			);
			runOnlyForDeploymentPostprocessing = 0;
			shellPath = /bin/sh;
			shellScript = "\"${PODS_ROOT}/Target Support Files/Pods-3stepsDiary/Pods-3stepsDiary-frameworks.sh\"\n";
			showEnvVarsInLog = 0;
		};
		A45B454B6E4734A297E81B21 /* [CP] Check Pods Manifest.lock */ = {
			isa = PBXShellScriptBuildPhase;
			buildActionMask = 2147483647;
			files = (
			);
			inputFileListPaths = (
			);
			inputPaths = (
				"${PODS_PODFILE_DIR_PATH}/Podfile.lock",
				"${PODS_ROOT}/Manifest.lock",
			);
			name = "[CP] Check Pods Manifest.lock";
			outputFileListPaths = (
			);
			outputPaths = (
				"$(DERIVED_FILE_DIR)/Pods-3stepsDiary-checkManifestLockResult.txt",
			);
			runOnlyForDeploymentPostprocessing = 0;
			shellPath = /bin/sh;
			shellScript = "diff \"${PODS_PODFILE_DIR_PATH}/Podfile.lock\" \"${PODS_ROOT}/Manifest.lock\" > /dev/null\nif [ $? != 0 ] ; then\n    # print error to STDERR\n    echo \"error: The sandbox is not in sync with the Podfile.lock. Run 'pod install' or update your CocoaPods installation.\" >&2\n    exit 1\nfi\n# This output is used by Xcode 'outputs' to avoid re-running this script phase.\necho \"SUCCESS\" > \"${SCRIPT_OUTPUT_FILE_0}\"\n";
			showEnvVarsInLog = 0;
		};
/* End PBXShellScriptBuildPhase section */

/* Begin PBXSourcesBuildPhase section */
		CB39CA1325D0C16E00058373 /* Sources */ = {
			isa = PBXSourcesBuildPhase;
			buildActionMask = 2147483647;
			files = (
				CB39CA1F25D0C16E00058373 /* ViewController.swift in Sources */,
				CB39CA1B25D0C16E00058373 /* AppDelegate.swift in Sources */,
				CB39CA1D25D0C16E00058373 /* SceneDelegate.swift in Sources */,
			);
			runOnlyForDeploymentPostprocessing = 0;
		};
/* End PBXSourcesBuildPhase section */

/* Begin PBXVariantGroup section */
		CB39CA2025D0C16E00058373 /* Main.storyboard */ = {
			isa = PBXVariantGroup;
			children = (
				CB39CA2125D0C16E00058373 /* Base */,
			);
			name = Main.storyboard;
			sourceTree = "<group>";
		};
		CB39CA2525D0C16F00058373 /* LaunchScreen.storyboard */ = {
			isa = PBXVariantGroup;
			children = (
				CB39CA2625D0C16F00058373 /* Base */,
			);
			name = LaunchScreen.storyboard;
			sourceTree = "<group>";
		};
/* End PBXVariantGroup section */

/* Begin XCBuildConfiguration section */
		CB39CA2925D0C16F00058373 /* Debug */ = {
			isa = XCBuildConfiguration;
			buildSettings = {
				ALWAYS_SEARCH_USER_PATHS = NO;
				CLANG_ANALYZER_NONNULL = YES;
				CLANG_ANALYZER_NUMBER_OBJECT_CONVERSION = YES_AGGRESSIVE;
				CLANG_CXX_LANGUAGE_STANDARD = "gnu++14";
				CLANG_CXX_LIBRARY = "libc++";
				CLANG_ENABLE_MODULES = YES;
				CLANG_ENABLE_OBJC_ARC = YES;
				CLANG_ENABLE_OBJC_WEAK = YES;
				CLANG_WARN_BLOCK_CAPTURE_AUTORELEASING = YES;
				CLANG_WARN_BOOL_CONVERSION = YES;
				CLANG_WARN_COMMA = YES;
				CLANG_WARN_CONSTANT_CONVERSION = YES;
				CLANG_WARN_DEPRECATED_OBJC_IMPLEMENTATIONS = YES;
				CLANG_WARN_DIRECT_OBJC_ISA_USAGE = YES_ERROR;
				CLANG_WARN_DOCUMENTATION_COMMENTS = YES;
				CLANG_WARN_EMPTY_BODY = YES;
				CLANG_WARN_ENUM_CONVERSION = YES;
				CLANG_WARN_INFINITE_RECURSION = YES;
				CLANG_WARN_INT_CONVERSION = YES;
				CLANG_WARN_NON_LITERAL_NULL_CONVERSION = YES;
				CLANG_WARN_OBJC_IMPLICIT_RETAIN_SELF = YES;
				CLANG_WARN_OBJC_LITERAL_CONVERSION = YES;
				CLANG_WARN_OBJC_ROOT_CLASS = YES_ERROR;
				CLANG_WARN_QUOTED_INCLUDE_IN_FRAMEWORK_HEADER = YES;
				CLANG_WARN_RANGE_LOOP_ANALYSIS = YES;
				CLANG_WARN_STRICT_PROTOTYPES = YES;
				CLANG_WARN_SUSPICIOUS_MOVE = YES;
				CLANG_WARN_UNGUARDED_AVAILABILITY = YES_AGGRESSIVE;
				CLANG_WARN_UNREACHABLE_CODE = YES;
				CLANG_WARN__DUPLICATE_METHOD_MATCH = YES;
				COPY_PHASE_STRIP = NO;
				DEBUG_INFORMATION_FORMAT = dwarf;
				ENABLE_STRICT_OBJC_MSGSEND = YES;
				ENABLE_TESTABILITY = YES;
				GCC_C_LANGUAGE_STANDARD = gnu11;
				GCC_DYNAMIC_NO_PIC = NO;
				GCC_NO_COMMON_BLOCKS = YES;
				GCC_OPTIMIZATION_LEVEL = 0;
				GCC_PREPROCESSOR_DEFINITIONS = (
					"DEBUG=1",
					"$(inherited)",
				);
				GCC_WARN_64_TO_32_BIT_CONVERSION = YES;
				GCC_WARN_ABOUT_RETURN_TYPE = YES_ERROR;
				GCC_WARN_UNDECLARED_SELECTOR = YES;
				GCC_WARN_UNINITIALIZED_AUTOS = YES_AGGRESSIVE;
				GCC_WARN_UNUSED_FUNCTION = YES;
				GCC_WARN_UNUSED_VARIABLE = YES;
				IPHONEOS_DEPLOYMENT_TARGET = 14.4;
				MTL_ENABLE_DEBUG_INFO = INCLUDE_SOURCE;
				MTL_FAST_MATH = YES;
				ONLY_ACTIVE_ARCH = YES;
				SDKROOT = iphoneos;
				SWIFT_ACTIVE_COMPILATION_CONDITIONS = DEBUG;
				SWIFT_OPTIMIZATION_LEVEL = "-Onone";
			};
			name = Debug;
		};
		CB39CA2A25D0C16F00058373 /* Release */ = {
			isa = XCBuildConfiguration;
			buildSettings = {
				ALWAYS_SEARCH_USER_PATHS = NO;
				CLANG_ANALYZER_NONNULL = YES;
				CLANG_ANALYZER_NUMBER_OBJECT_CONVERSION = YES_AGGRESSIVE;
				CLANG_CXX_LANGUAGE_STANDARD = "gnu++14";
				CLANG_CXX_LIBRARY = "libc++";
				CLANG_ENABLE_MODULES = YES;
				CLANG_ENABLE_OBJC_ARC = YES;
				CLANG_ENABLE_OBJC_WEAK = YES;
				CLANG_WARN_BLOCK_CAPTURE_AUTORELEASING = YES;
				CLANG_WARN_BOOL_CONVERSION = YES;
				CLANG_WARN_COMMA = YES;
				CLANG_WARN_CONSTANT_CONVERSION = YES;
				CLANG_WARN_DEPRECATED_OBJC_IMPLEMENTATIONS = YES;
				CLANG_WARN_DIRECT_OBJC_ISA_USAGE = YES_ERROR;
				CLANG_WARN_DOCUMENTATION_COMMENTS = YES;
				CLANG_WARN_EMPTY_BODY = YES;
				CLANG_WARN_ENUM_CONVERSION = YES;
				CLANG_WARN_INFINITE_RECURSION = YES;
				CLANG_WARN_INT_CONVERSION = YES;
				CLANG_WARN_NON_LITERAL_NULL_CONVERSION = YES;
				CLANG_WARN_OBJC_IMPLICIT_RETAIN_SELF = YES;
				CLANG_WARN_OBJC_LITERAL_CONVERSION = YES;
				CLANG_WARN_OBJC_ROOT_CLASS = YES_ERROR;
				CLANG_WARN_QUOTED_INCLUDE_IN_FRAMEWORK_HEADER = YES;
				CLANG_WARN_RANGE_LOOP_ANALYSIS = YES;
				CLANG_WARN_STRICT_PROTOTYPES = YES;
				CLANG_WARN_SUSPICIOUS_MOVE = YES;
				CLANG_WARN_UNGUARDED_AVAILABILITY = YES_AGGRESSIVE;
				CLANG_WARN_UNREACHABLE_CODE = YES;
				CLANG_WARN__DUPLICATE_METHOD_MATCH = YES;
				COPY_PHASE_STRIP = NO;
				DEBUG_INFORMATION_FORMAT = "dwarf-with-dsym";
				ENABLE_NS_ASSERTIONS = NO;
				ENABLE_STRICT_OBJC_MSGSEND = YES;
				GCC_C_LANGUAGE_STANDARD = gnu11;
				GCC_NO_COMMON_BLOCKS = YES;
				GCC_WARN_64_TO_32_BIT_CONVERSION = YES;
				GCC_WARN_ABOUT_RETURN_TYPE = YES_ERROR;
				GCC_WARN_UNDECLARED_SELECTOR = YES;
				GCC_WARN_UNINITIALIZED_AUTOS = YES_AGGRESSIVE;
				GCC_WARN_UNUSED_FUNCTION = YES;
				GCC_WARN_UNUSED_VARIABLE = YES;
				IPHONEOS_DEPLOYMENT_TARGET = 14.4;
				MTL_ENABLE_DEBUG_INFO = NO;
				MTL_FAST_MATH = YES;
				SDKROOT = iphoneos;
				SWIFT_COMPILATION_MODE = wholemodule;
				SWIFT_OPTIMIZATION_LEVEL = "-O";
				VALIDATE_PRODUCT = YES;
			};
			name = Release;
		};
		CB39CA2C25D0C16F00058373 /* Debug */ = {
			isa = XCBuildConfiguration;
			baseConfigurationReference = 98735AA9B29F7349EC173FE3 /* Pods-3stepsDiary.debug.xcconfig */;
			buildSettings = {
				ASSETCATALOG_COMPILER_APPICON_NAME = AppIcon;
				ASSETCATALOG_COMPILER_GLOBAL_ACCENT_COLOR_NAME = AccentColor;
				CODE_SIGN_STYLE = Automatic;
				DEVELOPMENT_TEAM = YH73XZSZGX;
				INFOPLIST_FILE = 3stepsDiary/Info.plist;
				LD_RUNPATH_SEARCH_PATHS = (
					"$(inherited)",
					"@executable_path/Frameworks",
				);
				PRODUCT_BUNDLE_IDENTIFIER = "jp.techacademy.yusuke.murayama.-stepsDiary";
				PRODUCT_NAME = "$(TARGET_NAME)";
				SWIFT_VERSION = 5.0;
				TARGETED_DEVICE_FAMILY = "1,2";
			};
			name = Debug;
		};
		CB39CA2D25D0C16F00058373 /* Release */ = {
			isa = XCBuildConfiguration;
			baseConfigurationReference = 7927FFBAD9E9308108B2BD52 /* Pods-3stepsDiary.release.xcconfig */;
			buildSettings = {
				ASSETCATALOG_COMPILER_APPICON_NAME = AppIcon;
				ASSETCATALOG_COMPILER_GLOBAL_ACCENT_COLOR_NAME = AccentColor;
				CODE_SIGN_STYLE = Automatic;
				DEVELOPMENT_TEAM = YH73XZSZGX;
				INFOPLIST_FILE = 3stepsDiary/Info.plist;
				LD_RUNPATH_SEARCH_PATHS = (
					"$(inherited)",
					"@executable_path/Frameworks",
				);
				PRODUCT_BUNDLE_IDENTIFIER = "jp.techacademy.yusuke.murayama.-stepsDiary";
				PRODUCT_NAME = "$(TARGET_NAME)";
				SWIFT_VERSION = 5.0;
				TARGETED_DEVICE_FAMILY = "1,2";
			};
			name = Release;
		};
/* End XCBuildConfiguration section */

/* Begin XCConfigurationList section */
		CB39CA1225D0C16E00058373 /* Build configuration list for PBXProject "3stepsDiary" */ = {
			isa = XCConfigurationList;
			buildConfigurations = (
				CB39CA2925D0C16F00058373 /* Debug */,
				CB39CA2A25D0C16F00058373 /* Release */,
			);
			defaultConfigurationIsVisible = 0;
			defaultConfigurationName = Release;
		};
		CB39CA2B25D0C16F00058373 /* Build configuration list for PBXNativeTarget "3stepsDiary" */ = {
			isa = XCConfigurationList;
			buildConfigurations = (
				CB39CA2C25D0C16F00058373 /* Debug */,
				CB39CA2D25D0C16F00058373 /* Release */,
			);
			defaultConfigurationIsVisible = 0;
			defaultConfigurationName = Release;
		};
/* End XCConfigurationList section */
	};
	rootObject = CB39CA0F25D0C16E00058373 /* Project object */;
}
